
Microsoft Visual Studio Solution File, Format Version 12.00
# Visual Studio Version 17
VisualStudioVersion = 17.3.32922.545
MinimumVisualStudioVersion = 10.0.40219.1
Project("{FAE04EC0-301F-11D3-BF4B-00C04F79EFBC}") = "GitKaosLive", "GitKaosLive\GitKaosLive.csproj", "{BBE62F21-7837-492C-B3B6-74B193A1A941}"
EndProject
Global
	GlobalSection(SolutionConfigurationPlatforms) = preSolution
		Debug|Any CPU = Debug|Any CPU
		Release|Any CPU = Release|Any CPU
	EndGlobalSection
	GlobalSection(ProjectConfigurationPlatforms) = postSolution
		{BBE62F21-7837-492C-B3B6-74B193A1A941}.Debug|Any CPU.ActiveCfg = Debug|Any CPU
		{BBE62F21-7837-492C-B3B6-74B193A1A941}.Debug|Any CPU.Build.0 = Debug|Any CPU
		{BBE62F21-7837-492C-B3B6-74B193A1A941}.Release|Any CPU.ActiveCfg = Release|Any CPU
		{BBE62F21-7837-492C-B3B6-74B193A1A941}.Release|Any CPU.Build.0 = Release|Any CPU
	EndGlobalSection
	GlobalSection(SolutionProperties) = preSolution
		HideSolutionNode = FALSE
	EndGlobalSection
	GlobalSection(ExtensibilityGlobals) = postSolution
		SolutionGuid = {8D118FCE-3721-4758-93B0-E7BA7D2DF578}
	EndGlobalSection
EndGlobal
